
Microsoft Visual Studio Solution File, Format Version 12.00
# Visual Studio Version 17
VisualStudioVersion = 17.0.32112.339
MinimumVisualStudioVersion = 10.0.40219.1
Project("{FAE04EC0-301F-11D3-BF4B-00C04F79EFBC}") = "Alarm101", "Alaram101\Alarm101.csproj", "{6AAE972F-C0BC-428C-AB6C-1B559CB95310}"
EndProject
Global
	GlobalSection(SolutionConfigurationPlatforms) = preSolution
		Debug|Any CPU = Debug|Any CPU
		Release|Any CPU = Release|Any CPU
	EndGlobalSection
	GlobalSection(ProjectConfigurationPlatforms) = postSolution
		{6AAE972F-C0BC-428C-AB6C-1B559CB95310}.Debug|Any CPU.ActiveCfg = Debug|Any CPU
		{6AAE972F-C0BC-428C-AB6C-1B559CB95310}.Debug|Any CPU.Build.0 = Debug|Any CPU
		{6AAE972F-C0BC-428C-AB6C-1B559CB95310}.Release|Any CPU.ActiveCfg = Release|Any CPU
		{6AAE972F-C0BC-428C-AB6C-1B559CB95310}.Release|Any CPU.Build.0 = Release|Any CPU
	EndGlobalSection
	GlobalSection(SolutionProperties) = preSolution
		HideSolutionNode = FALSE
	EndGlobalSection
	GlobalSection(ExtensibilityGlobals) = postSolution
		SolutionGuid = {2F677356-808D-433C-8B63-534A2AB32249}
	EndGlobalSection
EndGlobal
